
Microsoft Visual Studio Solution File, Format Version 12.00
# Visual Studio Version 16
VisualStudioVersion = 16.0.30002.166
MinimumVisualStudioVersion = 10.0.40219.1
Project("{FAE04EC0-301F-11D3-BF4B-00C04F79EFBC}") = "ProductivityTools.TrainingLog.Contract", "ProductivityTools.TrainingLog.Contract\ProductivityTools.TrainingLog.Contract.csproj", "{318AAF78-88F4-4B52-A147-69C67BDA4096}"
EndProject
Global
	GlobalSection(SolutionConfigurationPlatforms) = preSolution
		Debug|Any CPU = Debug|Any CPU
		Release|Any CPU = Release|Any CPU
	EndGlobalSection
	GlobalSection(ProjectConfigurationPlatforms) = postSolution
		{318AAF78-88F4-4B52-A147-69C67BDA4096}.Debug|Any CPU.ActiveCfg = Debug|Any CPU
		{318AAF78-88F4-4B52-A147-69C67BDA4096}.Debug|Any CPU.Build.0 = Debug|Any CPU
		{318AAF78-88F4-4B52-A147-69C67BDA4096}.Release|Any CPU.ActiveCfg = Release|Any CPU
		{318AAF78-88F4-4B52-A147-69C67BDA4096}.Release|Any CPU.Build.0 = Release|Any CPU
	EndGlobalSection
	GlobalSection(SolutionProperties) = preSolution
		HideSolutionNode = FALSE
	EndGlobalSection
	GlobalSection(ExtensibilityGlobals) = postSolution
		SolutionGuid = {30B7075B-06A6-4765-914C-E07891B459C2}
	EndGlobalSection
EndGlobal
